// !$*UTF8*$!
{
	archiveVersion = 1;
	classes = {
	};
	objectVersion = 56;
	objects = {

/* Begin PBXBuildFile section */
		600183AE28FEC31100C40AE6 /* Introspect in Frameworks */ = {isa = PBXBuildFile; productRef = 600183AD28FEC31100C40AE6 /* Introspect */; };
		600183B128FFD97C00C40AE6 /* SwiftUIKit in Frameworks */ = {isa = PBXBuildFile; productRef = 600183B028FFD97C00C40AE6 /* SwiftUIKit */; };
		60099AD7291B504A00DF2B3F /* AddView.swift in Sources */ = {isa = PBXBuildFile; fileRef = 60099AD6291B504A00DF2B3F /* AddView.swift */; };
		6009D8DA291E36EC0026586C /* CurrenciesArray.json in Resources */ = {isa = PBXBuildFile; fileRef = 6009D8D9291E36EC0026586C /* CurrenciesArray.json */; };
		6009D8DC291E3B080026586C /* Extensions.swift in Sources */ = {isa = PBXBuildFile; fileRef = 6009D8DB291E3B080026586C /* Extensions.swift */; };
		60191F2628F83B4800313FC4 /* ExchangeRateOld.swift in Sources */ = {isa = PBXBuildFile; fileRef = 60191F2528F83B4800313FC4 /* ExchangeRateOld.swift */; };
		60191F2A28F83C9700313FC4 /* SampleExchangeRateToUSD.json in Resources */ = {isa = PBXBuildFile; fileRef = 60191F2928F83C9700313FC4 /* SampleExchangeRateToUSD.json */; };
		603265702930C82800527BA4 /* ExchangeRate.swift in Sources */ = {isa = PBXBuildFile; fileRef = 6032656F2930C82800527BA4 /* ExchangeRate.swift */; };
		603265722930CBA700527BA4 /* Settings.swift in Sources */ = {isa = PBXBuildFile; fileRef = 603265712930CBA700527BA4 /* Settings.swift */; };
		603265782931DF5F00527BA4 /* API.swift in Sources */ = {isa = PBXBuildFile; fileRef = 603265772931DF5F00527BA4 /* API.swift */; };
		6092D8D2294BB5B700CFFC2B /* UpdateStatus.swift in Sources */ = {isa = PBXBuildFile; fileRef = 6092D8D1294BB5B700CFFC2B /* UpdateStatus.swift */; };
		6092D8D5294CB2E700CFFC2B /* LoadingState.swift in Sources */ = {isa = PBXBuildFile; fileRef = 6092D8D4294CB2E700CFFC2B /* LoadingState.swift */; };
		60A8A4F6291BD3FF004B317E /* CheckboxView.swift in Sources */ = {isa = PBXBuildFile; fileRef = 60A8A4F5291BD3FF004B317E /* CheckboxView.swift */; };
		60AA10CD28EDBCD500CB3246 /* Currency_ConverterApp.swift in Sources */ = {isa = PBXBuildFile; fileRef = 60AA10CC28EDBCD500CB3246 /* Currency_ConverterApp.swift */; };
		60AA10CF28EDBCD500CB3246 /* ContentView.swift in Sources */ = {isa = PBXBuildFile; fileRef = 60AA10CE28EDBCD500CB3246 /* ContentView.swift */; };
		60AA10D128EDBCD600CB3246 /* Assets.xcassets in Resources */ = {isa = PBXBuildFile; fileRef = 60AA10D028EDBCD600CB3246 /* Assets.xcassets */; };
		60AA10D428EDBCD600CB3246 /* Preview Assets.xcassets in Resources */ = {isa = PBXBuildFile; fileRef = 60AA10D328EDBCD600CB3246 /* Preview Assets.xcassets */; };
		60AA10DB28EDBD5400CB3246 /* Currencies.swift in Sources */ = {isa = PBXBuildFile; fileRef = 60AA10DA28EDBD5400CB3246 /* Currencies.swift */; };
		60AA10E228EDC6B100CB3246 /* Country.swift in Sources */ = {isa = PBXBuildFile; fileRef = 60AA10E128EDC6B100CB3246 /* Country.swift */; };
		60AA10E428EDC7E800CB3246 /* MainView.swift in Sources */ = {isa = PBXBuildFile; fileRef = 60AA10E328EDC7E800CB3246 /* MainView.swift */; };
		60AA10E628EDC86C00CB3246 /* SettingsView.swift in Sources */ = {isa = PBXBuildFile; fileRef = 60AA10E528EDC86C00CB3246 /* SettingsView.swift */; };
		60AA10EA28EDCF4500CB3246 /* CurrencyView.swift in Sources */ = {isa = PBXBuildFile; fileRef = 60AA10E928EDCF4500CB3246 /* CurrencyView.swift */; };
		60AA110128F026BC00CB3246 /* NumpadView.swift in Sources */ = {isa = PBXBuildFile; fileRef = 60AA110028F026BC00CB3246 /* NumpadView.swift */; };
/* End PBXBuildFile section */

/* Begin PBXFileReference section */
		60099AD6291B504A00DF2B3F /* AddView.swift */ = {isa = PBXFileReference; lastKnownFileType = sourcecode.swift; path = AddView.swift; sourceTree = "<group>"; };
		6009D8D9291E36EC0026586C /* CurrenciesArray.json */ = {isa = PBXFileReference; fileEncoding = 4; lastKnownFileType = text.json; path = CurrenciesArray.json; sourceTree = "<group>"; };
		6009D8DB291E3B080026586C /* Extensions.swift */ = {isa = PBXFileReference; lastKnownFileType = sourcecode.swift; path = Extensions.swift; sourceTree = "<group>"; };
		60191F2528F83B4800313FC4 /* ExchangeRateOld.swift */ = {isa = PBXFileReference; lastKnownFileType = sourcecode.swift; path = ExchangeRateOld.swift; sourceTree = "<group>"; };
		60191F2928F83C9700313FC4 /* SampleExchangeRateToUSD.json */ = {isa = PBXFileReference; fileEncoding = 4; lastKnownFileType = text.json; path = SampleExchangeRateToUSD.json; sourceTree = "<group>"; };
		6032656F2930C82800527BA4 /* ExchangeRate.swift */ = {isa = PBXFileReference; lastKnownFileType = sourcecode.swift; path = ExchangeRate.swift; sourceTree = "<group>"; };
		603265712930CBA700527BA4 /* Settings.swift */ = {isa = PBXFileReference; lastKnownFileType = sourcecode.swift; path = Settings.swift; sourceTree = "<group>"; };
		603265772931DF5F00527BA4 /* API.swift */ = {isa = PBXFileReference; lastKnownFileType = sourcecode.swift; path = API.swift; sourceTree = "<group>"; };
		6092D8D1294BB5B700CFFC2B /* UpdateStatus.swift */ = {isa = PBXFileReference; lastKnownFileType = sourcecode.swift; path = UpdateStatus.swift; sourceTree = "<group>"; };
		6092D8D4294CB2E700CFFC2B /* LoadingState.swift */ = {isa = PBXFileReference; lastKnownFileType = sourcecode.swift; path = LoadingState.swift; sourceTree = "<group>"; };
		6092D8D62953A08600CFFC2B /* Currency-Converter-Info.plist */ = {isa = PBXFileReference; lastKnownFileType = text.plist; path = "Currency-Converter-Info.plist"; sourceTree = SOURCE_ROOT; };
		60A8A4F5291BD3FF004B317E /* CheckboxView.swift */ = {isa = PBXFileReference; lastKnownFileType = sourcecode.swift; path = CheckboxView.swift; sourceTree = "<group>"; };
		60AA10C928EDBCD500CB3246 /* Currency Converter.app */ = {isa = PBXFileReference; explicitFileType = wrapper.application; includeInIndex = 0; path = "Currency Converter.app"; sourceTree = BUILT_PRODUCTS_DIR; };
		60AA10CC28EDBCD500CB3246 /* Currency_ConverterApp.swift */ = {isa = PBXFileReference; lastKnownFileType = sourcecode.swift; path = Currency_ConverterApp.swift; sourceTree = "<group>"; };
		60AA10CE28EDBCD500CB3246 /* ContentView.swift */ = {isa = PBXFileReference; lastKnownFileType = sourcecode.swift; path = ContentView.swift; sourceTree = "<group>"; };
		60AA10D028EDBCD600CB3246 /* Assets.xcassets */ = {isa = PBXFileReference; lastKnownFileType = folder.assetcatalog; path = Assets.xcassets; sourceTree = "<group>"; };
		60AA10D328EDBCD600CB3246 /* Preview Assets.xcassets */ = {isa = PBXFileReference; lastKnownFileType = folder.assetcatalog; path = "Preview Assets.xcassets"; sourceTree = "<group>"; };
		60AA10DA28EDBD5400CB3246 /* Currencies.swift */ = {isa = PBXFileReference; lastKnownFileType = sourcecode.swift; path = Currencies.swift; sourceTree = "<group>"; };
		60AA10E128EDC6B100CB3246 /* Country.swift */ = {isa = PBXFileReference; lastKnownFileType = sourcecode.swift; path = Country.swift; sourceTree = "<group>"; };
		60AA10E328EDC7E800CB3246 /* MainView.swift */ = {isa = PBXFileReference; lastKnownFileType = sourcecode.swift; path = MainView.swift; sourceTree = "<group>"; };
		60AA10E528EDC86C00CB3246 /* SettingsView.swift */ = {isa = PBXFileReference; lastKnownFileType = sourcecode.swift; path = SettingsView.swift; sourceTree = "<group>"; };
		60AA10E928EDCF4500CB3246 /* CurrencyView.swift */ = {isa = PBXFileReference; lastKnownFileType = sourcecode.swift; path = CurrencyView.swift; sourceTree = "<group>"; };
		60AA110028F026BC00CB3246 /* NumpadView.swift */ = {isa = PBXFileReference; lastKnownFileType = sourcecode.swift; path = NumpadView.swift; sourceTree = "<group>"; };
/* End PBXFileReference section */

/* Begin PBXFrameworksBuildPhase section */
		60AA10C628EDBCD500CB3246 /* Frameworks */ = {
			isa = PBXFrameworksBuildPhase;
			buildActionMask = 2147483647;
			files = (
				600183B128FFD97C00C40AE6 /* SwiftUIKit in Frameworks */,
				600183AE28FEC31100C40AE6 /* Introspect in Frameworks */,
			);
			runOnlyForDeploymentPostprocessing = 0;
		};
/* End PBXFrameworksBuildPhase section */

/* Begin PBXGroup section */
		603265742931DF0700527BA4 /* Extensions */ = {
			isa = PBXGroup;
			children = (
				6009D8DB291E3B080026586C /* Extensions.swift */,
			);
			path = Extensions;
			sourceTree = "<group>";
		};
		6092D8D3294CB28300CFFC2B /* Structs */ = {
			isa = PBXGroup;
			children = (
				6032656F2930C82800527BA4 /* ExchangeRate.swift */,
				603265712930CBA700527BA4 /* Settings.swift */,
				60AA10E128EDC6B100CB3246 /* Country.swift */,
				60191F2528F83B4800313FC4 /* ExchangeRateOld.swift */,
				60AA10DA28EDBD5400CB3246 /* Currencies.swift */,
				6092D8D4294CB2E700CFFC2B /* LoadingState.swift */,
			);
			path = Structs;
			sourceTree = "<group>";
		};
		60AA10C028EDBCD500CB3246 = {
			isa = PBXGroup;
			children = (
				60AA10CB28EDBCD500CB3246 /* Currency Converter */,
				60AA10CA28EDBCD500CB3246 /* Products */,
			);
			sourceTree = "<group>";
		};
		60AA10CA28EDBCD500CB3246 /* Products */ = {
			isa = PBXGroup;
			children = (
				60AA10C928EDBCD500CB3246 /* Currency Converter.app */,
			);
			name = Products;
			sourceTree = "<group>";
		};
		60AA10CB28EDBCD500CB3246 /* Currency Converter */ = {
			isa = PBXGroup;
			children = (
				6092D8D62953A08600CFFC2B /* Currency-Converter-Info.plist */,
				60AA10CC28EDBCD500CB3246 /* Currency_ConverterApp.swift */,
				603265772931DF5F00527BA4 /* API.swift */,
				603265742931DF0700527BA4 /* Extensions */,
				60AA10EC28EEDB0100CB3246 /* UI Elements */,
				60AA10EB28EEDACF00CB3246 /* Views */,
				6092D8D3294CB28300CFFC2B /* Structs */,
				60AA10D028EDBCD600CB3246 /* Assets.xcassets */,
				6009D8D9291E36EC0026586C /* CurrenciesArray.json */,
				60191F2928F83C9700313FC4 /* SampleExchangeRateToUSD.json */,
				60AA10D228EDBCD600CB3246 /* Preview Content */,
			);
			path = "Currency Converter";
			sourceTree = "<group>";
		};
		60AA10D228EDBCD600CB3246 /* Preview Content */ = {
			isa = PBXGroup;
			children = (
				60AA10D328EDBCD600CB3246 /* Preview Assets.xcassets */,
			);
			path = "Preview Content";
			sourceTree = "<group>";
		};
		60AA10EB28EEDACF00CB3246 /* Views */ = {
			isa = PBXGroup;
			children = (
				60AA10E328EDC7E800CB3246 /* MainView.swift */,
				60AA10CE28EDBCD500CB3246 /* ContentView.swift */,
				60AA10E528EDC86C00CB3246 /* SettingsView.swift */,
				60AA110028F026BC00CB3246 /* NumpadView.swift */,
				60099AD6291B504A00DF2B3F /* AddView.swift */,
			);
			path = Views;
			sourceTree = "<group>";
		};
		60AA10EC28EEDB0100CB3246 /* UI Elements */ = {
			isa = PBXGroup;
			children = (
				60AA10E928EDCF4500CB3246 /* CurrencyView.swift */,
				60A8A4F5291BD3FF004B317E /* CheckboxView.swift */,
				6092D8D1294BB5B700CFFC2B /* UpdateStatus.swift */,
			);
			path = "UI Elements";
			sourceTree = "<group>";
		};
/* End PBXGroup section */

/* Begin PBXNativeTarget section */
		60AA10C828EDBCD500CB3246 /* Currency Converter */ = {
			isa = PBXNativeTarget;
			buildConfigurationList = 60AA10D728EDBCD600CB3246 /* Build configuration list for PBXNativeTarget "Currency Converter" */;
			buildPhases = (
				60AA10C528EDBCD500CB3246 /* Sources */,
				60AA10C628EDBCD500CB3246 /* Frameworks */,
				60AA10C728EDBCD500CB3246 /* Resources */,
			);
			buildRules = (
			);
			dependencies = (
			);
			name = "Currency Converter";
			packageProductDependencies = (
				600183AD28FEC31100C40AE6 /* Introspect */,
				600183B028FFD97C00C40AE6 /* SwiftUIKit */,
			);
			productName = "Currency Converter";
			productReference = 60AA10C928EDBCD500CB3246 /* Currency Converter.app */;
			productType = "com.apple.product-type.application";
		};
/* End PBXNativeTarget section */

/* Begin PBXProject section */
		60AA10C128EDBCD500CB3246 /* Project object */ = {
			isa = PBXProject;
			attributes = {
				BuildIndependentTargetsInParallel = 1;
				LastSwiftUpdateCheck = 1400;
				LastUpgradeCheck = 1400;
				TargetAttributes = {
					60AA10C828EDBCD500CB3246 = {
						CreatedOnToolsVersion = 14.0;
					};
				};
			};
			buildConfigurationList = 60AA10C428EDBCD500CB3246 /* Build configuration list for PBXProject "Currency Converter" */;
			compatibilityVersion = "Xcode 14.0";
			developmentRegion = en;
			hasScannedForEncodings = 0;
			knownRegions = (
				en,
				Base,
			);
			mainGroup = 60AA10C028EDBCD500CB3246;
			packageReferences = (
				60AA10DC28EDC1DE00CB3246 /* XCRemoteSwiftPackageReference "FlagKit" */,
				600183AC28FEC31100C40AE6 /* XCRemoteSwiftPackageReference "SwiftUI-Introspect" */,
				600183AF28FFD97C00C40AE6 /* XCRemoteSwiftPackageReference "SwiftUIKit" */,
			);
			productRefGroup = 60AA10CA28EDBCD500CB3246 /* Products */;
			projectDirPath = "";
			projectRoot = "";
			targets = (
				60AA10C828EDBCD500CB3246 /* Currency Converter */,
			);
		};
/* End PBXProject section */

/* Begin PBXResourcesBuildPhase section */
		60AA10C728EDBCD500CB3246 /* Resources */ = {
			isa = PBXResourcesBuildPhase;
			buildActionMask = 2147483647;
			files = (
				6009D8DA291E36EC0026586C /* CurrenciesArray.json in Resources */,
				60AA10D428EDBCD600CB3246 /* Preview Assets.xcassets in Resources */,
				60AA10D128EDBCD600CB3246 /* Assets.xcassets in Resources */,
				60191F2A28F83C9700313FC4 /* SampleExchangeRateToUSD.json in Resources */,
			);
			runOnlyForDeploymentPostprocessing = 0;
		};
/* End PBXResourcesBuildPhase section */

/* Begin PBXSourcesBuildPhase section */
		60AA10C528EDBCD500CB3246 /* Sources */ = {
			isa = PBXSourcesBuildPhase;
			buildActionMask = 2147483647;
			files = (
				60099AD7291B504A00DF2B3F /* AddView.swift in Sources */,
				6092D8D5294CB2E700CFFC2B /* LoadingState.swift in Sources */,
				60AA10E228EDC6B100CB3246 /* Country.swift in Sources */,
				60AA10DB28EDBD5400CB3246 /* Currencies.swift in Sources */,
				60AA10CF28EDBCD500CB3246 /* ContentView.swift in Sources */,
				6092D8D2294BB5B700CFFC2B /* UpdateStatus.swift in Sources */,
				603265782931DF5F00527BA4 /* API.swift in Sources */,
				603265722930CBA700527BA4 /* Settings.swift in Sources */,
				60AA110128F026BC00CB3246 /* NumpadView.swift in Sources */,
				60191F2628F83B4800313FC4 /* ExchangeRateOld.swift in Sources */,
				60AA10EA28EDCF4500CB3246 /* CurrencyView.swift in Sources */,
				603265702930C82800527BA4 /* ExchangeRate.swift in Sources */,
				6009D8DC291E3B080026586C /* Extensions.swift in Sources */,
				60AA10E628EDC86C00CB3246 /* SettingsView.swift in Sources */,
				60A8A4F6291BD3FF004B317E /* CheckboxView.swift in Sources */,
				60AA10E428EDC7E800CB3246 /* MainView.swift in Sources */,
				60AA10CD28EDBCD500CB3246 /* Currency_ConverterApp.swift in Sources */,
			);
			runOnlyForDeploymentPostprocessing = 0;
		};
/* End PBXSourcesBuildPhase section */

/* Begin XCBuildConfiguration section */
		60AA10D528EDBCD600CB3246 /* Debug */ = {
			isa = XCBuildConfiguration;
			buildSettings = {
				ALWAYS_SEARCH_USER_PATHS = NO;
				CLANG_ANALYZER_NONNULL = YES;
				CLANG_ANALYZER_NUMBER_OBJECT_CONVERSION = YES_AGGRESSIVE;
				CLANG_CXX_LANGUAGE_STANDARD = "gnu++20";
				CLANG_ENABLE_MODULES = YES;
				CLANG_ENABLE_OBJC_ARC = YES;
				CLANG_ENABLE_OBJC_WEAK = YES;
				CLANG_WARN_BLOCK_CAPTURE_AUTORELEASING = YES;
				CLANG_WARN_BOOL_CONVERSION = YES;
				CLANG_WARN_COMMA = YES;
				CLANG_WARN_CONSTANT_CONVERSION = YES;
				CLANG_WARN_DEPRECATED_OBJC_IMPLEMENTATIONS = YES;
				CLANG_WARN_DIRECT_OBJC_ISA_USAGE = YES_ERROR;
				CLANG_WARN_DOCUMENTATION_COMMENTS = YES;
				CLANG_WARN_EMPTY_BODY = YES;
				CLANG_WARN_ENUM_CONVERSION = YES;
				CLANG_WARN_INFINITE_RECURSION = YES;
				CLANG_WARN_INT_CONVERSION = YES;
				CLANG_WARN_NON_LITERAL_NULL_CONVERSION = YES;
				CLANG_WARN_OBJC_IMPLICIT_RETAIN_SELF = YES;
				CLANG_WARN_OBJC_LITERAL_CONVERSION = YES;
				CLANG_WARN_OBJC_ROOT_CLASS = YES_ERROR;
				CLANG_WARN_QUOTED_INCLUDE_IN_FRAMEWORK_HEADER = YES;
				CLANG_WARN_RANGE_LOOP_ANALYSIS = YES;
				CLANG_WARN_STRICT_PROTOTYPES = YES;
				CLANG_WARN_SUSPICIOUS_MOVE = YES;
				CLANG_WARN_UNGUARDED_AVAILABILITY = YES_AGGRESSIVE;
				CLANG_WARN_UNREACHABLE_CODE = YES;
				CLANG_WARN__DUPLICATE_METHOD_MATCH = YES;
				COPY_PHASE_STRIP = NO;
				DEBUG_INFORMATION_FORMAT = dwarf;
				ENABLE_STRICT_OBJC_MSGSEND = YES;
				ENABLE_TESTABILITY = YES;
				GCC_C_LANGUAGE_STANDARD = gnu11;
				GCC_DYNAMIC_NO_PIC = NO;
				GCC_NO_COMMON_BLOCKS = YES;
				GCC_OPTIMIZATION_LEVEL = 0;
				GCC_PREPROCESSOR_DEFINITIONS = (
					"DEBUG=1",
					"$(inherited)",
				);
				GCC_WARN_64_TO_32_BIT_CONVERSION = YES;
				GCC_WARN_ABOUT_RETURN_TYPE = YES_ERROR;
				GCC_WARN_UNDECLARED_SELECTOR = YES;
				GCC_WARN_UNINITIALIZED_AUTOS = YES_AGGRESSIVE;
				GCC_WARN_UNUSED_FUNCTION = YES;
				GCC_WARN_UNUSED_VARIABLE = YES;
				IPHONEOS_DEPLOYMENT_TARGET = 16.0;
				MTL_ENABLE_DEBUG_INFO = INCLUDE_SOURCE;
				MTL_FAST_MATH = YES;
				ONLY_ACTIVE_ARCH = YES;
				SDKROOT = iphoneos;
				SWIFT_ACTIVE_COMPILATION_CONDITIONS = DEBUG;
				SWIFT_OPTIMIZATION_LEVEL = "-Onone";
			};
			name = Debug;
		};
		60AA10D628EDBCD600CB3246 /* Release */ = {
			isa = XCBuildConfiguration;
			buildSettings = {
				ALWAYS_SEARCH_USER_PATHS = NO;
				CLANG_ANALYZER_NONNULL = YES;
				CLANG_ANALYZER_NUMBER_OBJECT_CONVERSION = YES_AGGRESSIVE;
				CLANG_CXX_LANGUAGE_STANDARD = "gnu++20";
				CLANG_ENABLE_MODULES = YES;
				CLANG_ENABLE_OBJC_ARC = YES;
				CLANG_ENABLE_OBJC_WEAK = YES;
				CLANG_WARN_BLOCK_CAPTURE_AUTORELEASING = YES;
				CLANG_WARN_BOOL_CONVERSION = YES;
				CLANG_WARN_COMMA = YES;
				CLANG_WARN_CONSTANT_CONVERSION = YES;
				CLANG_WARN_DEPRECATED_OBJC_IMPLEMENTATIONS = YES;
				CLANG_WARN_DIRECT_OBJC_ISA_USAGE = YES_ERROR;
				CLANG_WARN_DOCUMENTATION_COMMENTS = YES;
				CLANG_WARN_EMPTY_BODY = YES;
				CLANG_WARN_ENUM_CONVERSION = YES;
				CLANG_WARN_INFINITE_RECURSION = YES;
				CLANG_WARN_INT_CONVERSION = YES;
				CLANG_WARN_NON_LITERAL_NULL_CONVERSION = YES;
				CLANG_WARN_OBJC_IMPLICIT_RETAIN_SELF = YES;
				CLANG_WARN_OBJC_LITERAL_CONVERSION = YES;
				CLANG_WARN_OBJC_ROOT_CLASS = YES_ERROR;
				CLANG_WARN_QUOTED_INCLUDE_IN_FRAMEWORK_HEADER = YES;
				CLANG_WARN_RANGE_LOOP_ANALYSIS = YES;
				CLANG_WARN_STRICT_PROTOTYPES = YES;
				CLANG_WARN_SUSPICIOUS_MOVE = YES;
				CLANG_WARN_UNGUARDED_AVAILABILITY = YES_AGGRESSIVE;
				CLANG_WARN_UNREACHABLE_CODE = YES;
				CLANG_WARN__DUPLICATE_METHOD_MATCH = YES;
				COPY_PHASE_STRIP = NO;
				DEBUG_INFORMATION_FORMAT = "dwarf-with-dsym";
				ENABLE_NS_ASSERTIONS = NO;
				ENABLE_STRICT_OBJC_MSGSEND = YES;
				GCC_C_LANGUAGE_STANDARD = gnu11;
				GCC_NO_COMMON_BLOCKS = YES;
				GCC_WARN_64_TO_32_BIT_CONVERSION = YES;
				GCC_WARN_ABOUT_RETURN_TYPE = YES_ERROR;
				GCC_WARN_UNDECLARED_SELECTOR = YES;
				GCC_WARN_UNINITIALIZED_AUTOS = YES_AGGRESSIVE;
				GCC_WARN_UNUSED_FUNCTION = YES;
				GCC_WARN_UNUSED_VARIABLE = YES;
				IPHONEOS_DEPLOYMENT_TARGET = 16.0;
				MTL_ENABLE_DEBUG_INFO = NO;
				MTL_FAST_MATH = YES;
				SDKROOT = iphoneos;
				SWIFT_COMPILATION_MODE = wholemodule;
				SWIFT_OPTIMIZATION_LEVEL = "-O";
				VALIDATE_PRODUCT = YES;
			};
			name = Release;
		};
		60AA10D828EDBCD600CB3246 /* Debug */ = {
			isa = XCBuildConfiguration;
			buildSettings = {
				ASSETCATALOG_COMPILER_APPICON_NAME = AppIcon;
				ASSETCATALOG_COMPILER_GLOBAL_ACCENT_COLOR_NAME = AccentColor;
				CODE_SIGN_STYLE = Automatic;
				CURRENT_PROJECT_VERSION = 1;
				DEVELOPMENT_ASSET_PATHS = "\"Currency Converter/Preview Content\"";
				DEVELOPMENT_TEAM = 4SAN7KM5F6;
				ENABLE_PREVIEWS = YES;
				GENERATE_INFOPLIST_FILE = YES;
				INFOPLIST_FILE = "Currency-Converter-Info.plist";
				INFOPLIST_KEY_LSApplicationCategoryType = "public.app-category.travel";
				INFOPLIST_KEY_UIApplicationSceneManifest_Generation = YES;
				INFOPLIST_KEY_UIApplicationSupportsIndirectInputEvents = YES;
				INFOPLIST_KEY_UISupportedInterfaceOrientations = UIInterfaceOrientationPortrait;
				INFOPLIST_KEY_UISupportedInterfaceOrientations_iPad = "UIInterfaceOrientationLandscapeLeft UIInterfaceOrientationLandscapeRight UIInterfaceOrientationPortrait UIInterfaceOrientationPortraitUpsideDown";
				LD_RUNPATH_SEARCH_PATHS = (
					"$(inherited)",
					"@executable_path/Frameworks",
				);
				MARKETING_VERSION = 1.0;
				PRODUCT_BUNDLE_IDENTIFIER = "com.GabrielMarmen.Currency-Converter";
				PRODUCT_NAME = "$(TARGET_NAME)";
				SUPPORTED_PLATFORMS = "iphoneos iphonesimulator";
				SUPPORTS_MACCATALYST = NO;
				SUPPORTS_MAC_DESIGNED_FOR_IPHONE_IPAD = NO;
				SWIFT_EMIT_LOC_STRINGS = YES;
				SWIFT_VERSION = 5.0;
				TARGETED_DEVICE_FAMILY = 1;
			};
			name = Debug;
		};
		60AA10D928EDBCD600CB3246 /* Release */ = {
			isa = XCBuildConfiguration;
			buildSettings = {
				ASSETCATALOG_COMPILER_APPICON_NAME = AppIcon;
				ASSETCATALOG_COMPILER_GLOBAL_ACCENT_COLOR_NAME = AccentColor;
				CODE_SIGN_STYLE = Automatic;
				CURRENT_PROJECT_VERSION = 1;
				DEVELOPMENT_ASSET_PATHS = "\"Currency Converter/Preview Content\"";
				DEVELOPMENT_TEAM = 4SAN7KM5F6;
				ENABLE_PREVIEWS = YES;
				GENERATE_INFOPLIST_FILE = YES;
				INFOPLIST_FILE = "Currency-Converter-Info.plist";
				INFOPLIST_KEY_LSApplicationCategoryType = "public.app-category.travel";
				INFOPLIST_KEY_UIApplicationSceneManifest_Generation = YES;
				INFOPLIST_KEY_UIApplicationSupportsIndirectInputEvents = YES;
				INFOPLIST_KEY_UISupportedInterfaceOrientations = UIInterfaceOrientationPortrait;
				INFOPLIST_KEY_UISupportedInterfaceOrientations_iPad = "UIInterfaceOrientationLandscapeLeft UIInterfaceOrientationLandscapeRight UIInterfaceOrientationPortrait UIInterfaceOrientationPortraitUpsideDown";
				LD_RUNPATH_SEARCH_PATHS = (
					"$(inherited)",
					"@executable_path/Frameworks",
				);
				MARKETING_VERSION = 1.0;
				PRODUCT_BUNDLE_IDENTIFIER = "com.GabrielMarmen.Currency-Converter";
				PRODUCT_NAME = "$(TARGET_NAME)";
				SUPPORTED_PLATFORMS = "iphoneos iphonesimulator";
				SUPPORTS_MACCATALYST = NO;
				SUPPORTS_MAC_DESIGNED_FOR_IPHONE_IPAD = NO;
				SWIFT_EMIT_LOC_STRINGS = YES;
				SWIFT_VERSION = 5.0;
				TARGETED_DEVICE_FAMILY = 1;
			};
			name = Release;
		};
/* End XCBuildConfiguration section */

/* Begin XCConfigurationList section */
		60AA10C428EDBCD500CB3246 /* Build configuration list for PBXProject "Currency Converter" */ = {
			isa = XCConfigurationList;
			buildConfigurations = (
				60AA10D528EDBCD600CB3246 /* Debug */,
				60AA10D628EDBCD600CB3246 /* Release */,
			);
			defaultConfigurationIsVisible = 0;
			defaultConfigurationName = Release;
		};
		60AA10D728EDBCD600CB3246 /* Build configuration list for PBXNativeTarget "Currency Converter" */ = {
			isa = XCConfigurationList;
			buildConfigurations = (
				60AA10D828EDBCD600CB3246 /* Debug */,
				60AA10D928EDBCD600CB3246 /* Release */,
			);
			defaultConfigurationIsVisible = 0;
			defaultConfigurationName = Release;
		};
/* End XCConfigurationList section */

/* Begin XCRemoteSwiftPackageReference section */
		600183AC28FEC31100C40AE6 /* XCRemoteSwiftPackageReference "SwiftUI-Introspect" */ = {
			isa = XCRemoteSwiftPackageReference;
			repositoryURL = "https://github.com/siteline/SwiftUI-Introspect.git";
			requirement = {
				kind = upToNextMajorVersion;
				minimumVersion = 0.1.4;
			};
		};
		600183AF28FFD97C00C40AE6 /* XCRemoteSwiftPackageReference "SwiftUIKit" */ = {
			isa = XCRemoteSwiftPackageReference;
			repositoryURL = "https://github.com/youjinp/SwiftUIKit";
			requirement = {
				branch = master;
				kind = branch;
			};
		};
		60AA10DC28EDC1DE00CB3246 /* XCRemoteSwiftPackageReference "FlagKit" */ = {
			isa = XCRemoteSwiftPackageReference;
			repositoryURL = "https://github.com/madebybowtie/FlagKit.git";
			requirement = {
				kind = upToNextMajorVersion;
				minimumVersion = 2.0.0;
			};
		};
/* End XCRemoteSwiftPackageReference section */

/* Begin XCSwiftPackageProductDependency section */
		600183AD28FEC31100C40AE6 /* Introspect */ = {
			isa = XCSwiftPackageProductDependency;
			package = 600183AC28FEC31100C40AE6 /* XCRemoteSwiftPackageReference "SwiftUI-Introspect" */;
			productName = Introspect;
		};
		600183B028FFD97C00C40AE6 /* SwiftUIKit */ = {
			isa = XCSwiftPackageProductDependency;
			package = 600183AF28FFD97C00C40AE6 /* XCRemoteSwiftPackageReference "SwiftUIKit" */;
			productName = SwiftUIKit;
		};
/* End XCSwiftPackageProductDependency section */
	};
	rootObject = 60AA10C128EDBCD500CB3246 /* Project object */;
}
